
Microsoft Visual Studio Solution File, Format Version 12.00
# Visual Studio Version 17
VisualStudioVersion = 17.8.34525.116
MinimumVisualStudioVersion = 10.0.40219.1
Project("{8BC9CEB8-8B4A-11D0-8D11-00A0C91BC942}") = "Lambert_lighting", "Lambert_lighting\Lambert_lighting.vcxproj", "{01574AA3-4026-4F56-8380-B3A6969A8B60}"
EndProject
Global
	GlobalSection(SolutionConfigurationPlatforms) = preSolution
		Debug|x64 = Debug|x64
		Debug|x86 = Debug|x86
		Release|x64 = Release|x64
		Release|x86 = Release|x86
	EndGlobalSection
	GlobalSection(ProjectConfigurationPlatforms) = postSolution
		{01574AA3-4026-4F56-8380-B3A6969A8B60}.Debug|x64.ActiveCfg = Debug|x64
		{01574AA3-4026-4F56-8380-B3A6969A8B60}.Debug|x64.Build.0 = Debug|x64
		{01574AA3-4026-4F56-8380-B3A6969A8B60}.Debug|x86.ActiveCfg = Debug|Win32
		{01574AA3-4026-4F56-8380-B3A6969A8B60}.Debug|x86.Build.0 = Debug|Win32
		{01574AA3-4026-4F56-8380-B3A6969A8B60}.Release|x64.ActiveCfg = Release|x64
		{01574AA3-4026-4F56-8380-B3A6969A8B60}.Release|x64.Build.0 = Release|x64
		{01574AA3-4026-4F56-8380-B3A6969A8B60}.Release|x86.ActiveCfg = Release|Win32
		{01574AA3-4026-4F56-8380-B3A6969A8B60}.Release|x86.Build.0 = Release|Win32
	EndGlobalSection
	GlobalSection(SolutionProperties) = preSolution
		HideSolutionNode = FALSE
	EndGlobalSection
	GlobalSection(ExtensibilityGlobals) = postSolution
		SolutionGuid = {F32E9F8C-9114-4898-AE4B-63DC46B1D276}
	EndGlobalSection
EndGlobal
